
Microsoft Visual Studio Solution File, Format Version 12.00
# Visual Studio Version 16
VisualStudioVersion = 16.0.29609.76
MinimumVisualStudioVersion = 10.0.40219.1
Project("{FAE04EC0-301F-11D3-BF4B-00C04F79EFBC}") = "OctoprintScanner", "OctoprintScanner\OctoprintScanner.csproj", "{6405BA09-A670-4C71-9451-1E3F3AB661B8}"
EndProject
Global
	GlobalSection(SolutionConfigurationPlatforms) = preSolution
		Debug|Any CPU = Debug|Any CPU
		Release|Any CPU = Release|Any CPU
	EndGlobalSection
	GlobalSection(ProjectConfigurationPlatforms) = postSolution
		{6405BA09-A670-4C71-9451-1E3F3AB661B8}.Debug|Any CPU.ActiveCfg = Debug|Any CPU
		{6405BA09-A670-4C71-9451-1E3F3AB661B8}.Debug|Any CPU.Build.0 = Debug|Any CPU
		{6405BA09-A670-4C71-9451-1E3F3AB661B8}.Release|Any CPU.ActiveCfg = Release|Any CPU
		{6405BA09-A670-4C71-9451-1E3F3AB661B8}.Release|Any CPU.Build.0 = Release|Any CPU
	EndGlobalSection
	GlobalSection(SolutionProperties) = preSolution
		HideSolutionNode = FALSE
	EndGlobalSection
	GlobalSection(ExtensibilityGlobals) = postSolution
		SolutionGuid = {B3C79ADB-763E-4362-97E7-72397140CA4E}
	EndGlobalSection
EndGlobal
